
Microsoft Visual Studio Solution File, Format Version 12.00
# Visual Studio 14
VisualStudioVersion = 14.0.25420.1
MinimumVisualStudioVersion = 10.0.40219.1
Project("{FAE04EC0-301F-11D3-BF4B-00C04F79EFBC}") = "fizzBuzz", "fizzBuzz\fizzBuzz.csproj", "{52981E8E-A298-44D4-AA2A-D72E8C034DEC}"
EndProject
Project("{FAE04EC0-301F-11D3-BF4B-00C04F79EFBC}") = "Testbibliothek", "Testbibliothek\Testbibliothek.csproj", "{CF9BDFA9-94E8-4DE5-9C85-635C9019B835}"
EndProject
Project("{FAE04EC0-301F-11D3-BF4B-00C04F79EFBC}") = "FizzBuzzer", "FizzBuzzer\FizzBuzzer.csproj", "{C00EC74F-5B58-4149-BBBE-B2766D2C4D68}"
EndProject
Global
	GlobalSection(SolutionConfigurationPlatforms) = preSolution
		Debug|Any CPU = Debug|Any CPU
		Release|Any CPU = Release|Any CPU
	EndGlobalSection
	GlobalSection(ProjectConfigurationPlatforms) = postSolution
		{52981E8E-A298-44D4-AA2A-D72E8C034DEC}.Debug|Any CPU.ActiveCfg = Debug|Any CPU
		{52981E8E-A298-44D4-AA2A-D72E8C034DEC}.Debug|Any CPU.Build.0 = Debug|Any CPU
		{52981E8E-A298-44D4-AA2A-D72E8C034DEC}.Release|Any CPU.ActiveCfg = Release|Any CPU
		{52981E8E-A298-44D4-AA2A-D72E8C034DEC}.Release|Any CPU.Build.0 = Release|Any CPU
		{CF9BDFA9-94E8-4DE5-9C85-635C9019B835}.Debug|Any CPU.ActiveCfg = Debug|Any CPU
		{CF9BDFA9-94E8-4DE5-9C85-635C9019B835}.Debug|Any CPU.Build.0 = Debug|Any CPU
		{CF9BDFA9-94E8-4DE5-9C85-635C9019B835}.Release|Any CPU.ActiveCfg = Release|Any CPU
		{CF9BDFA9-94E8-4DE5-9C85-635C9019B835}.Release|Any CPU.Build.0 = Release|Any CPU
		{C00EC74F-5B58-4149-BBBE-B2766D2C4D68}.Debug|Any CPU.ActiveCfg = Debug|Any CPU
		{C00EC74F-5B58-4149-BBBE-B2766D2C4D68}.Debug|Any CPU.Build.0 = Debug|Any CPU
		{C00EC74F-5B58-4149-BBBE-B2766D2C4D68}.Release|Any CPU.ActiveCfg = Release|Any CPU
		{C00EC74F-5B58-4149-BBBE-B2766D2C4D68}.Release|Any CPU.Build.0 = Release|Any CPU
	EndGlobalSection
	GlobalSection(SolutionProperties) = preSolution
		HideSolutionNode = FALSE
	EndGlobalSection
EndGlobal
